
Microsoft Visual Studio Solution File, Format Version 12.00
# Visual Studio Version 17
VisualStudioVersion = 17.9.34414.90
MinimumVisualStudioVersion = 10.0.40219.1
Project("{9A19103F-16F7-4668-BE54-9A1E7A4F7556}") = "Ecommerce.Api", "src\Ecommerce.Api\Ecommerce.Api.csproj", "{CC416123-3B5A-413A-9DDC-9929B123B7D1}"
EndProject
Project("{2150E333-8FDC-42A3-9474-1A3956D46DE8}") = "src", "src", "{35D0F279-C980-4D2F-994F-B957B6271249}"
EndProject
Project("{2150E333-8FDC-42A3-9474-1A3956D46DE8}") = "tests", "tests", "{9277D137-D17C-43E8-873B-2A0A0CF2DBA1}"
EndProject
Project("{9A19103F-16F7-4668-BE54-9A1E7A4F7556}") = "Ecommerce.Domain", "src\Ecommerce.Domain\Ecommerce.Domain.csproj", "{ED133F8D-C4C1-425F-9371-0EDCD3F7D578}"
EndProject
Project("{9A19103F-16F7-4668-BE54-9A1E7A4F7556}") = "Ecommerce.Application", "src\Ecommerce.Application\Ecommerce.Application.csproj", "{7BCEA87C-32A3-41A0-89FB-AEC7C176C2F3}"
EndProject
Project("{9A19103F-16F7-4668-BE54-9A1E7A4F7556}") = "Ecommerce.Infrastructure", "src\Ecommerce.Infrastructure\Ecommerce.Infrastructure.csproj", "{821182A4-7903-4F28-B3F5-77D962FDEB6C}"
EndProject
Project("{2150E333-8FDC-42A3-9474-1A3956D46DE8}") = "Solution Items", "Solution Items", "{08F92FEB-B047-41FD-910B-684037B3FBD8}"
	ProjectSection(SolutionItems) = preProject
		.editorconfig = .editorconfig
		Directory.Build.props = Directory.Build.props
	EndProjectSection
EndProject
Global
	GlobalSection(SolutionConfigurationPlatforms) = preSolution
		Debug|Any CPU = Debug|Any CPU
		Release|Any CPU = Release|Any CPU
	EndGlobalSection
	GlobalSection(ProjectConfigurationPlatforms) = postSolution
		{CC416123-3B5A-413A-9DDC-9929B123B7D1}.Debug|Any CPU.ActiveCfg = Debug|Any CPU
		{CC416123-3B5A-413A-9DDC-9929B123B7D1}.Debug|Any CPU.Build.0 = Debug|Any CPU
		{CC416123-3B5A-413A-9DDC-9929B123B7D1}.Release|Any CPU.ActiveCfg = Release|Any CPU
		{CC416123-3B5A-413A-9DDC-9929B123B7D1}.Release|Any CPU.Build.0 = Release|Any CPU
		{ED133F8D-C4C1-425F-9371-0EDCD3F7D578}.Debug|Any CPU.ActiveCfg = Debug|Any CPU
		{ED133F8D-C4C1-425F-9371-0EDCD3F7D578}.Debug|Any CPU.Build.0 = Debug|Any CPU
		{ED133F8D-C4C1-425F-9371-0EDCD3F7D578}.Release|Any CPU.ActiveCfg = Release|Any CPU
		{ED133F8D-C4C1-425F-9371-0EDCD3F7D578}.Release|Any CPU.Build.0 = Release|Any CPU
		{7BCEA87C-32A3-41A0-89FB-AEC7C176C2F3}.Debug|Any CPU.ActiveCfg = Debug|Any CPU
		{7BCEA87C-32A3-41A0-89FB-AEC7C176C2F3}.Debug|Any CPU.Build.0 = Debug|Any CPU
		{7BCEA87C-32A3-41A0-89FB-AEC7C176C2F3}.Release|Any CPU.ActiveCfg = Release|Any CPU
		{7BCEA87C-32A3-41A0-89FB-AEC7C176C2F3}.Release|Any CPU.Build.0 = Release|Any CPU
		{821182A4-7903-4F28-B3F5-77D962FDEB6C}.Debug|Any CPU.ActiveCfg = Debug|Any CPU
		{821182A4-7903-4F28-B3F5-77D962FDEB6C}.Debug|Any CPU.Build.0 = Debug|Any CPU
		{821182A4-7903-4F28-B3F5-77D962FDEB6C}.Release|Any CPU.ActiveCfg = Release|Any CPU
		{821182A4-7903-4F28-B3F5-77D962FDEB6C}.Release|Any CPU.Build.0 = Release|Any CPU
	EndGlobalSection
	GlobalSection(SolutionProperties) = preSolution
		HideSolutionNode = FALSE
	EndGlobalSection
	GlobalSection(NestedProjects) = preSolution
		{CC416123-3B5A-413A-9DDC-9929B123B7D1} = {35D0F279-C980-4D2F-994F-B957B6271249}
		{ED133F8D-C4C1-425F-9371-0EDCD3F7D578} = {35D0F279-C980-4D2F-994F-B957B6271249}
		{7BCEA87C-32A3-41A0-89FB-AEC7C176C2F3} = {35D0F279-C980-4D2F-994F-B957B6271249}
		{821182A4-7903-4F28-B3F5-77D962FDEB6C} = {35D0F279-C980-4D2F-994F-B957B6271249}
	EndGlobalSection
	GlobalSection(ExtensibilityGlobals) = postSolution
		SolutionGuid = {3E2FA034-D640-43C8-8207-0F7ECCCAD44E}
	EndGlobalSection
EndGlobal
