
Microsoft Visual Studio Solution File, Format Version 12.00
# Visual Studio Version 17
VisualStudioVersion = 17.9.34414.90
MinimumVisualStudioVersion = 10.0.40219.1
Project("{9A19103F-16F7-4668-BE54-9A1E7A4F7556}") = "Platform.Api", "src\Platform.Api\Platform.Api.csproj", "{CC416123-3B5A-413A-9DDC-9929B123B7D1}"
EndProject
Project("{2150E333-8FDC-42A3-9474-1A3956D46DE8}") = "src", "src", "{35D0F279-C980-4D2F-994F-B957B6271249}"
EndProject
Project("{2150E333-8FDC-42A3-9474-1A3956D46DE8}") = "tests", "tests", "{9277D137-D17C-43E8-873B-2A0A0CF2DBA1}"
EndProject
Project("{9A19103F-16F7-4668-BE54-9A1E7A4F7556}") = "Platform.Domain", "src\Platform.Domain\Platform.Domain.csproj", "{ED133F8D-C4C1-425F-9371-0EDCD3F7D578}"
EndProject
Project("{9A19103F-16F7-4668-BE54-9A1E7A4F7556}") = "Platform.Application", "src\Platform.Application\Platform.Application.csproj", "{7BCEA87C-32A3-41A0-89FB-AEC7C176C2F3}"
EndProject
Project("{9A19103F-16F7-4668-BE54-9A1E7A4F7556}") = "Platform.Infrastructure", "src\Platform.Infrastructure\Platform.Infrastructure.csproj", "{821182A4-7903-4F28-B3F5-77D962FDEB6C}"
EndProject
Project("{2150E333-8FDC-42A3-9474-1A3956D46DE8}") = "Solution Items", "Solution Items", "{08F92FEB-B047-41FD-910B-684037B3FBD8}"
	ProjectSection(SolutionItems) = preProject
		.editorconfig = .editorconfig
		.gitignore = .gitignore
		Directory.Build.props = Directory.Build.props
		Directory.Packages.props = Directory.Packages.props
		README.md = README.md
	EndProjectSection
EndProject
Project("{FAE04EC0-301F-11D3-BF4B-00C04F79EFBC}") = "Platform.Domain.Tests", "tests\Platform.Domain.Tests\Platform.Domain.Tests.csproj", "{3E450515-EA52-4BBE-B106-93351C9727C5}"
EndProject
Project("{FAE04EC0-301F-11D3-BF4B-00C04F79EFBC}") = "Platform.Application.Tests", "tests\Platform.Application.Tests\Platform.Application.Tests.csproj", "{F99DB5BA-36D6-463F-8F9F-EBA5B29A6E4B}"
EndProject
Project("{FAE04EC0-301F-11D3-BF4B-00C04F79EFBC}") = "Platform.Infrastructure.Tests", "tests\Platform.Infrastructure.Tests\Platform.Infrastructure.Tests.csproj", "{27DD9E70-32B2-4647-AC29-62668165068D}"
EndProject
Project("{FAE04EC0-301F-11D3-BF4B-00C04F79EFBC}") = "Platform.Api.Tests", "tests\Platform.Api.Tests\Platform.Api.Tests.csproj", "{F9DEA953-E135-46AF-AB36-39E157744963}"
EndProject
Project("{FAE04EC0-301F-11D3-BF4B-00C04F79EFBC}") = "Platform.Shared", "src\Platform.Shared\Platform.Shared.csproj", "{1B6D50CA-F0EC-421A-B96A-7EE1E7A3B083}"
EndProject
Project("{FAE04EC0-301F-11D3-BF4B-00C04F79EFBC}") = "Platform.Shared.Tests", "tests\Platform.Shared.Tests\Platform.Shared.Tests.csproj", "{A41F1217-7152-4D82-8BED-2DB16E98073C}"
EndProject
Global
	GlobalSection(SolutionConfigurationPlatforms) = preSolution
		Debug|Any CPU = Debug|Any CPU
		Release|Any CPU = Release|Any CPU
	EndGlobalSection
	GlobalSection(ProjectConfigurationPlatforms) = postSolution
		{CC416123-3B5A-413A-9DDC-9929B123B7D1}.Debug|Any CPU.ActiveCfg = Debug|Any CPU
		{CC416123-3B5A-413A-9DDC-9929B123B7D1}.Debug|Any CPU.Build.0 = Debug|Any CPU
		{CC416123-3B5A-413A-9DDC-9929B123B7D1}.Release|Any CPU.ActiveCfg = Release|Any CPU
		{CC416123-3B5A-413A-9DDC-9929B123B7D1}.Release|Any CPU.Build.0 = Release|Any CPU
		{ED133F8D-C4C1-425F-9371-0EDCD3F7D578}.Debug|Any CPU.ActiveCfg = Debug|Any CPU
		{ED133F8D-C4C1-425F-9371-0EDCD3F7D578}.Debug|Any CPU.Build.0 = Debug|Any CPU
		{ED133F8D-C4C1-425F-9371-0EDCD3F7D578}.Release|Any CPU.ActiveCfg = Release|Any CPU
		{ED133F8D-C4C1-425F-9371-0EDCD3F7D578}.Release|Any CPU.Build.0 = Release|Any CPU
		{7BCEA87C-32A3-41A0-89FB-AEC7C176C2F3}.Debug|Any CPU.ActiveCfg = Debug|Any CPU
		{7BCEA87C-32A3-41A0-89FB-AEC7C176C2F3}.Debug|Any CPU.Build.0 = Debug|Any CPU
		{7BCEA87C-32A3-41A0-89FB-AEC7C176C2F3}.Release|Any CPU.ActiveCfg = Release|Any CPU
		{7BCEA87C-32A3-41A0-89FB-AEC7C176C2F3}.Release|Any CPU.Build.0 = Release|Any CPU
		{821182A4-7903-4F28-B3F5-77D962FDEB6C}.Debug|Any CPU.ActiveCfg = Debug|Any CPU
		{821182A4-7903-4F28-B3F5-77D962FDEB6C}.Debug|Any CPU.Build.0 = Debug|Any CPU
		{821182A4-7903-4F28-B3F5-77D962FDEB6C}.Release|Any CPU.ActiveCfg = Release|Any CPU
		{821182A4-7903-4F28-B3F5-77D962FDEB6C}.Release|Any CPU.Build.0 = Release|Any CPU
		{3E450515-EA52-4BBE-B106-93351C9727C5}.Debug|Any CPU.ActiveCfg = Debug|Any CPU
		{3E450515-EA52-4BBE-B106-93351C9727C5}.Debug|Any CPU.Build.0 = Debug|Any CPU
		{3E450515-EA52-4BBE-B106-93351C9727C5}.Release|Any CPU.ActiveCfg = Release|Any CPU
		{3E450515-EA52-4BBE-B106-93351C9727C5}.Release|Any CPU.Build.0 = Release|Any CPU
		{F99DB5BA-36D6-463F-8F9F-EBA5B29A6E4B}.Debug|Any CPU.ActiveCfg = Debug|Any CPU
		{F99DB5BA-36D6-463F-8F9F-EBA5B29A6E4B}.Debug|Any CPU.Build.0 = Debug|Any CPU
		{F99DB5BA-36D6-463F-8F9F-EBA5B29A6E4B}.Release|Any CPU.ActiveCfg = Release|Any CPU
		{F99DB5BA-36D6-463F-8F9F-EBA5B29A6E4B}.Release|Any CPU.Build.0 = Release|Any CPU
		{27DD9E70-32B2-4647-AC29-62668165068D}.Debug|Any CPU.ActiveCfg = Debug|Any CPU
		{27DD9E70-32B2-4647-AC29-62668165068D}.Debug|Any CPU.Build.0 = Debug|Any CPU
		{27DD9E70-32B2-4647-AC29-62668165068D}.Release|Any CPU.ActiveCfg = Release|Any CPU
		{27DD9E70-32B2-4647-AC29-62668165068D}.Release|Any CPU.Build.0 = Release|Any CPU
		{F9DEA953-E135-46AF-AB36-39E157744963}.Debug|Any CPU.ActiveCfg = Debug|Any CPU
		{F9DEA953-E135-46AF-AB36-39E157744963}.Debug|Any CPU.Build.0 = Debug|Any CPU
		{F9DEA953-E135-46AF-AB36-39E157744963}.Release|Any CPU.ActiveCfg = Release|Any CPU
		{F9DEA953-E135-46AF-AB36-39E157744963}.Release|Any CPU.Build.0 = Release|Any CPU
		{1B6D50CA-F0EC-421A-B96A-7EE1E7A3B083}.Debug|Any CPU.ActiveCfg = Debug|Any CPU
		{1B6D50CA-F0EC-421A-B96A-7EE1E7A3B083}.Debug|Any CPU.Build.0 = Debug|Any CPU
		{1B6D50CA-F0EC-421A-B96A-7EE1E7A3B083}.Release|Any CPU.ActiveCfg = Release|Any CPU
		{1B6D50CA-F0EC-421A-B96A-7EE1E7A3B083}.Release|Any CPU.Build.0 = Release|Any CPU
		{A41F1217-7152-4D82-8BED-2DB16E98073C}.Debug|Any CPU.ActiveCfg = Debug|Any CPU
		{A41F1217-7152-4D82-8BED-2DB16E98073C}.Debug|Any CPU.Build.0 = Debug|Any CPU
		{A41F1217-7152-4D82-8BED-2DB16E98073C}.Release|Any CPU.ActiveCfg = Release|Any CPU
		{A41F1217-7152-4D82-8BED-2DB16E98073C}.Release|Any CPU.Build.0 = Release|Any CPU
	EndGlobalSection
	GlobalSection(SolutionProperties) = preSolution
		HideSolutionNode = FALSE
	EndGlobalSection
	GlobalSection(NestedProjects) = preSolution
		{CC416123-3B5A-413A-9DDC-9929B123B7D1} = {35D0F279-C980-4D2F-994F-B957B6271249}
		{ED133F8D-C4C1-425F-9371-0EDCD3F7D578} = {35D0F279-C980-4D2F-994F-B957B6271249}
		{7BCEA87C-32A3-41A0-89FB-AEC7C176C2F3} = {35D0F279-C980-4D2F-994F-B957B6271249}
		{821182A4-7903-4F28-B3F5-77D962FDEB6C} = {35D0F279-C980-4D2F-994F-B957B6271249}
		{3E450515-EA52-4BBE-B106-93351C9727C5} = {9277D137-D17C-43E8-873B-2A0A0CF2DBA1}
		{F99DB5BA-36D6-463F-8F9F-EBA5B29A6E4B} = {9277D137-D17C-43E8-873B-2A0A0CF2DBA1}
		{27DD9E70-32B2-4647-AC29-62668165068D} = {9277D137-D17C-43E8-873B-2A0A0CF2DBA1}
		{F9DEA953-E135-46AF-AB36-39E157744963} = {9277D137-D17C-43E8-873B-2A0A0CF2DBA1}
		{1B6D50CA-F0EC-421A-B96A-7EE1E7A3B083} = {35D0F279-C980-4D2F-994F-B957B6271249}
		{A41F1217-7152-4D82-8BED-2DB16E98073C} = {9277D137-D17C-43E8-873B-2A0A0CF2DBA1}
	EndGlobalSection
	GlobalSection(ExtensibilityGlobals) = postSolution
		SolutionGuid = {3E2FA034-D640-43C8-8207-0F7ECCCAD44E}
	EndGlobalSection
EndGlobal
